
Microsoft Visual Studio Solution File, Format Version 12.00
# Visual Studio 15
VisualStudioVersion = 15.0.28307.1300
MinimumVisualStudioVersion = 10.0.40219.1
Project("{FAE04EC0-301F-11D3-BF4B-00C04F79EFBC}") = "ServiceRest_047_ImamZakky", "ServiceRest_047_ImamZakky\ServiceRest_047_ImamZakky.csproj", "{814C25A4-04B8-4BAF-B733-CF232746D7E3}"
EndProject
Global
	GlobalSection(SolutionConfigurationPlatforms) = preSolution
		Debug|Any CPU = Debug|Any CPU
		Release|Any CPU = Release|Any CPU
	EndGlobalSection
	GlobalSection(ProjectConfigurationPlatforms) = postSolution
		{814C25A4-04B8-4BAF-B733-CF232746D7E3}.Debug|Any CPU.ActiveCfg = Debug|Any CPU
		{814C25A4-04B8-4BAF-B733-CF232746D7E3}.Debug|Any CPU.Build.0 = Debug|Any CPU
		{814C25A4-04B8-4BAF-B733-CF232746D7E3}.Release|Any CPU.ActiveCfg = Release|Any CPU
		{814C25A4-04B8-4BAF-B733-CF232746D7E3}.Release|Any CPU.Build.0 = Release|Any CPU
	EndGlobalSection
	GlobalSection(SolutionProperties) = preSolution
		HideSolutionNode = FALSE
	EndGlobalSection
	GlobalSection(ExtensibilityGlobals) = postSolution
		SolutionGuid = {641EBD33-C15B-47C8-87B3-8E776E6E11EE}
	EndGlobalSection
EndGlobal
